schema: '2.0'
stages:
  model_building:
    cmd: python src/model/model_building.py
    deps:
    - path: data/interim/train_processed.csv
      hash: md5
      md5: 35027dfda8274bd9356544f2ff358aa4
      size: 4134324
    - path: src/model/model_building.py
      hash: md5
      md5: 3df6d1ac6c6e22ff9f19df8dbe39bc65
      size: 5662
    params:
      params.yaml:
        model_building.learning_rate: 0.09
        model_building.max_depth: 20
        model_building.max_features: 10000
        model_building.n_estimators: 367
        model_building.ngram_range:
        - 1
        - 3
    outs:
    - path: lgbm_model.pkl
      hash: md5
      md5: 2db1785fd58b64cf5b44181da6dc6376
      size: 4116883
    - path: tfidf_vectorizer.pkl
      hash: md5
      md5: 3a43c61b0814bd1f1c13876b4e69b298
      size: 384115
  model_evaluation:
    cmd: python src/model/model_evaluation.py
    deps:
    - path: data/interim/test_processed.csv
      hash: md5
      md5: 4f30375397ec89fead1745ee6d70f201
      size: 1000526
    - path: data/interim/train_processed.csv
      hash: md5
      md5: 35027dfda8274bd9356544f2ff358aa4
      size: 4134324
    - path: lgbm_model.pkl
      hash: md5
      md5: 2db1785fd58b64cf5b44181da6dc6376
      size: 4116883
    - path: src/model/model_evaluation.py
      hash: md5
      md5: c72d6635823b898a5fffd614ed16585c
      size: 7321
    - path: tfidf_vectorizer.pkl
      hash: md5
      md5: 3a43c61b0814bd1f1c13876b4e69b298
      size: 384115
    outs:
    - path: experiment_info.json
      hash: md5
      md5: 2a1ef1e24dde598fc3fed560511b7c8b
      size: 87
